{
  "name": "touki-kanryo-app",
  "lockfileVersion": 3,
  "requires": true,
  "packages": {
    "": {
      "dependencies": {
        "pdfjs-dist": "^5.6.205"
      }
    },
    "node_modules/pdfjs-dist": {
      "version": "5.6.205",
      "resolved": "https://registry.npmjs.org/pdfjs-dist/-/pdfjs-dist-5.6.205.tgz",
      "integrity": "sha512-tlUj+2IDa7G1SbvBNN74UHRLJybZDWYom+k6p5KIZl7huBvsA4APi6mKL+zCxd3tLjN5hOOEE9Tv7VdzO88pfg==",
      "license": "Apache-2.0",
      "engines": {
        "node": ">=20.19.0 || >=22.13.0 || >=24"
      }
    }
  }
}
